// !$*UTF8*$!
{
	archiveVersion = 1;
	classes = {
	};
	objectVersion = 56;
	objects = {

/* Begin PBXBuildFile section */
		380D958C292279D5008EF014 /* NetflixCloneModel.xcdatamodeld in Sources */ = {isa = PBXBuildFile; fileRef = 380D958A292279D5008EF014 /* NetflixCloneModel.xcdatamodeld */; };
		380D958E29227CDC008EF014 /* DataPersistentManager.swift in Sources */ = {isa = PBXBuildFile; fileRef = 380D958D29227CDC008EF014 /* DataPersistentManager.swift */; };
		381D488D29094DD4009ED7DC /* SDWebImage in Frameworks */ = {isa = PBXBuildFile; productRef = 381D488C29094DD4009ED7DC /* SDWebImage */; };
		381D488F29094DD4009ED7DC /* SDWebImageMapKit in Frameworks */ = {isa = PBXBuildFile; productRef = 381D488E29094DD4009ED7DC /* SDWebImageMapKit */; };
		381D4891290963CA009ED7DC /* TitleTableViewCell.swift in Sources */ = {isa = PBXBuildFile; fileRef = 381D4890290963CA009ED7DC /* TitleTableViewCell.swift */; };
		381D48932909672E009ED7DC /* TitleViewModel.swift in Sources */ = {isa = PBXBuildFile; fileRef = 381D48922909672E009ED7DC /* TitleViewModel.swift */; };
		382F901528E9C03E00188C3F /* AppDelegate.swift in Sources */ = {isa = PBXBuildFile; fileRef = 382F901428E9C03E00188C3F /* AppDelegate.swift */; };
		382F901728E9C03E00188C3F /* SceneDelegate.swift in Sources */ = {isa = PBXBuildFile; fileRef = 382F901628E9C03E00188C3F /* SceneDelegate.swift */; };
		382F901928E9C03E00188C3F /* MainTabBarViewController.swift in Sources */ = {isa = PBXBuildFile; fileRef = 382F901828E9C03E00188C3F /* MainTabBarViewController.swift */; };
		382F901E28E9C04000188C3F /* Assets.xcassets in Resources */ = {isa = PBXBuildFile; fileRef = 382F901D28E9C04000188C3F /* Assets.xcassets */; };
		382F902128E9C04000188C3F /* LaunchScreen.storyboard in Resources */ = {isa = PBXBuildFile; fileRef = 382F901F28E9C04000188C3F /* LaunchScreen.storyboard */; };
		382F902A28E9C46900188C3F /* HomeViewController.swift in Sources */ = {isa = PBXBuildFile; fileRef = 382F902928E9C46900188C3F /* HomeViewController.swift */; };
		382F902C28E9C4B100188C3F /* UpcomingViewController.swift in Sources */ = {isa = PBXBuildFile; fileRef = 382F902B28E9C4B100188C3F /* UpcomingViewController.swift */; };
		382F902E28E9C4DB00188C3F /* SearchViewController.swift in Sources */ = {isa = PBXBuildFile; fileRef = 382F902D28E9C4DB00188C3F /* SearchViewController.swift */; };
		382F903028E9C51600188C3F /* DownloadsViewController.swift in Sources */ = {isa = PBXBuildFile; fileRef = 382F902F28E9C51600188C3F /* DownloadsViewController.swift */; };
		38428A0F28EEF05700CDDAA0 /* HeroHeaderUIView.swift in Sources */ = {isa = PBXBuildFile; fileRef = 38428A0E28EEF05700CDDAA0 /* HeroHeaderUIView.swift */; };
		38428A1128EF092F00CDDAA0 /* ApiCaller.swift in Sources */ = {isa = PBXBuildFile; fileRef = 38428A1028EF092F00CDDAA0 /* ApiCaller.swift */; };
		38428A1328EF0E0700CDDAA0 /* Title.swift in Sources */ = {isa = PBXBuildFile; fileRef = 38428A1228EF0E0700CDDAA0 /* Title.swift */; };
		3842C0A9291545F400DC57FE /* SearchResultsViewController.swift in Sources */ = {isa = PBXBuildFile; fileRef = 3842C0A8291545F400DC57FE /* SearchResultsViewController.swift */; };
		3842C0AD2915576400DC57FE /* YoutubeSearchResponse.swift in Sources */ = {isa = PBXBuildFile; fileRef = 3842C0AC2915576400DC57FE /* YoutubeSearchResponse.swift */; };
		3842C0AF2915E07300DC57FE /* TitlePreviewViewController.swift in Sources */ = {isa = PBXBuildFile; fileRef = 3842C0AE2915E07300DC57FE /* TitlePreviewViewController.swift */; };
		3842C0B12915E4EE00DC57FE /* TitlePreviewViewModel.swift in Sources */ = {isa = PBXBuildFile; fileRef = 3842C0B02915E4EE00DC57FE /* TitlePreviewViewModel.swift */; };
		38C0CD4828EDA9AA0065B59A /* CollectionViewTableViewCell.swift in Sources */ = {isa = PBXBuildFile; fileRef = 38C0CD4728EDA9AA0065B59A /* CollectionViewTableViewCell.swift */; };
		38DB3C9E2906CC2E000ED24C /* Extensions.swift in Sources */ = {isa = PBXBuildFile; fileRef = 38DB3C9D2906CC2E000ED24C /* Extensions.swift */; };
		38DB3CA22906D5AB000ED24C /* TitleCollectionViewCell.swift in Sources */ = {isa = PBXBuildFile; fileRef = 38DB3CA12906D5AB000ED24C /* TitleCollectionViewCell.swift */; };
/* End PBXBuildFile section */

/* Begin PBXFileReference section */
		380D958B292279D5008EF014 /* NetflixCloneModel.xcdatamodel */ = {isa = PBXFileReference; lastKnownFileType = wrapper.xcdatamodel; path = NetflixCloneModel.xcdatamodel; sourceTree = "<group>"; };
		380D958D29227CDC008EF014 /* DataPersistentManager.swift */ = {isa = PBXFileReference; lastKnownFileType = sourcecode.swift; path = DataPersistentManager.swift; sourceTree = "<group>"; };
		381D4890290963CA009ED7DC /* TitleTableViewCell.swift */ = {isa = PBXFileReference; lastKnownFileType = sourcecode.swift; path = TitleTableViewCell.swift; sourceTree = "<group>"; };
		381D48922909672E009ED7DC /* TitleViewModel.swift */ = {isa = PBXFileReference; lastKnownFileType = sourcecode.swift; path = TitleViewModel.swift; sourceTree = "<group>"; };
		382F901128E9C03E00188C3F /* NetflixClone.app */ = {isa = PBXFileReference; explicitFileType = wrapper.application; includeInIndex = 0; path = NetflixClone.app; sourceTree = BUILT_PRODUCTS_DIR; };
		382F901428E9C03E00188C3F /* AppDelegate.swift */ = {isa = PBXFileReference; lastKnownFileType = sourcecode.swift; path = AppDelegate.swift; sourceTree = "<group>"; };
		382F901628E9C03E00188C3F /* SceneDelegate.swift */ = {isa = PBXFileReference; lastKnownFileType = sourcecode.swift; path = SceneDelegate.swift; sourceTree = "<group>"; };
		382F901828E9C03E00188C3F /* MainTabBarViewController.swift */ = {isa = PBXFileReference; lastKnownFileType = sourcecode.swift; path = MainTabBarViewController.swift; sourceTree = "<group>"; };
		382F901D28E9C04000188C3F /* Assets.xcassets */ = {isa = PBXFileReference; lastKnownFileType = folder.assetcatalog; path = Assets.xcassets; sourceTree = "<group>"; };
		382F902028E9C04000188C3F /* Base */ = {isa = PBXFileReference; lastKnownFileType = file.storyboard; name = Base; path = Base.lproj/LaunchScreen.storyboard; sourceTree = "<group>"; };
		382F902228E9C04000188C3F /* Info.plist */ = {isa = PBXFileReference; lastKnownFileType = text.plist.xml; path = Info.plist; sourceTree = "<group>"; };
		382F902928E9C46900188C3F /* HomeViewController.swift */ = {isa = PBXFileReference; lastKnownFileType = sourcecode.swift; path = HomeViewController.swift; sourceTree = "<group>"; };
		382F902B28E9C4B100188C3F /* UpcomingViewController.swift */ = {isa = PBXFileReference; lastKnownFileType = sourcecode.swift; path = UpcomingViewController.swift; sourceTree = "<group>"; };
		382F902D28E9C4DB00188C3F /* SearchViewController.swift */ = {isa = PBXFileReference; lastKnownFileType = sourcecode.swift; path = SearchViewController.swift; sourceTree = "<group>"; };
		382F902F28E9C51600188C3F /* DownloadsViewController.swift */ = {isa = PBXFileReference; lastKnownFileType = sourcecode.swift; path = DownloadsViewController.swift; sourceTree = "<group>"; };
		38428A0E28EEF05700CDDAA0 /* HeroHeaderUIView.swift */ = {isa = PBXFileReference; lastKnownFileType = sourcecode.swift; path = HeroHeaderUIView.swift; sourceTree = "<group>"; };
		38428A1028EF092F00CDDAA0 /* ApiCaller.swift */ = {isa = PBXFileReference; lastKnownFileType = sourcecode.swift; path = ApiCaller.swift; sourceTree = "<group>"; };
		38428A1228EF0E0700CDDAA0 /* Title.swift */ = {isa = PBXFileReference; lastKnownFileType = sourcecode.swift; path = Title.swift; sourceTree = "<group>"; };
		3842C0A8291545F400DC57FE /* SearchResultsViewController.swift */ = {isa = PBXFileReference; lastKnownFileType = sourcecode.swift; path = SearchResultsViewController.swift; sourceTree = "<group>"; };
		3842C0AC2915576400DC57FE /* YoutubeSearchResponse.swift */ = {isa = PBXFileReference; lastKnownFileType = sourcecode.swift; path = YoutubeSearchResponse.swift; sourceTree = "<group>"; };
		3842C0AE2915E07300DC57FE /* TitlePreviewViewController.swift */ = {isa = PBXFileReference; lastKnownFileType = sourcecode.swift; path = TitlePreviewViewController.swift; sourceTree = "<group>"; };
		3842C0B02915E4EE00DC57FE /* TitlePreviewViewModel.swift */ = {isa = PBXFileReference; lastKnownFileType = sourcecode.swift; path = TitlePreviewViewModel.swift; sourceTree = "<group>"; };
		38C0CD4728EDA9AA0065B59A /* CollectionViewTableViewCell.swift */ = {isa = PBXFileReference; lastKnownFileType = sourcecode.swift; path = CollectionViewTableViewCell.swift; sourceTree = "<group>"; };
		38DB3C9D2906CC2E000ED24C /* Extensions.swift */ = {isa = PBXFileReference; lastKnownFileType = sourcecode.swift; path = Extensions.swift; sourceTree = "<group>"; };
		38DB3CA12906D5AB000ED24C /* TitleCollectionViewCell.swift */ = {isa = PBXFileReference; lastKnownFileType = sourcecode.swift; path = TitleCollectionViewCell.swift; sourceTree = "<group>"; };
/* End PBXFileReference section */

/* Begin PBXFrameworksBuildPhase section */
		382F900E28E9C03E00188C3F /* Frameworks */ = {
			isa = PBXFrameworksBuildPhase;
			buildActionMask = 2147483647;
			files = (
				381D488F29094DD4009ED7DC /* SDWebImageMapKit in Frameworks */,
				381D488D29094DD4009ED7DC /* SDWebImage in Frameworks */,
			);
			runOnlyForDeploymentPostprocessing = 0;
		};
/* End PBXFrameworksBuildPhase section */

/* Begin PBXGroup section */
		382F900828E9C03E00188C3F = {
			isa = PBXGroup;
			children = (
				382F901328E9C03E00188C3F /* NetflixClone */,
				382F901228E9C03E00188C3F /* Products */,
			);
			sourceTree = "<group>";
		};
		382F901228E9C03E00188C3F /* Products */ = {
			isa = PBXGroup;
			children = (
				382F901128E9C03E00188C3F /* NetflixClone.app */,
			);
			name = Products;
			sourceTree = "<group>";
		};
		382F901328E9C03E00188C3F /* NetflixClone */ = {
			isa = PBXGroup;
			children = (
				38C0CD4628EDA9700065B59A /* Managers */,
				38C0CD4528EDA9680065B59A /* Resources */,
				38C0CD4328EDA93B0065B59A /* Models */,
				38C0CD4428EDA9420065B59A /* Views */,
				38C0CD4228EDA92C0065B59A /* ViewModels */,
				382F902828E9C40900188C3F /* Controllers */,
				382F901428E9C03E00188C3F /* AppDelegate.swift */,
				382F901628E9C03E00188C3F /* SceneDelegate.swift */,
				382F901828E9C03E00188C3F /* MainTabBarViewController.swift */,
				382F901D28E9C04000188C3F /* Assets.xcassets */,
				382F901F28E9C04000188C3F /* LaunchScreen.storyboard */,
				382F902228E9C04000188C3F /* Info.plist */,
				380D958A292279D5008EF014 /* NetflixCloneModel.xcdatamodeld */,
				380D958D29227CDC008EF014 /* DataPersistentManager.swift */,
			);
			path = NetflixClone;
			sourceTree = "<group>";
		};
		382F902828E9C40900188C3F /* Controllers */ = {
			isa = PBXGroup;
			children = (
				3842C0AB2915467E00DC57FE /* General */,
				3842C0AA2915464200DC57FE /* Core */,
			);
			path = Controllers;
			sourceTree = "<group>";
		};
		3842C0AA2915464200DC57FE /* Core */ = {
			isa = PBXGroup;
			children = (
				382F902928E9C46900188C3F /* HomeViewController.swift */,
				382F902B28E9C4B100188C3F /* UpcomingViewController.swift */,
				382F902D28E9C4DB00188C3F /* SearchViewController.swift */,
				382F902F28E9C51600188C3F /* DownloadsViewController.swift */,
			);
			path = Core;
			sourceTree = "<group>";
		};
		3842C0AB2915467E00DC57FE /* General */ = {
			isa = PBXGroup;
			children = (
				3842C0AE2915E07300DC57FE /* TitlePreviewViewController.swift */,
				3842C0A8291545F400DC57FE /* SearchResultsViewController.swift */,
			);
			path = General;
			sourceTree = "<group>";
		};
		38C0CD4228EDA92C0065B59A /* ViewModels */ = {
			isa = PBXGroup;
			children = (
				381D48922909672E009ED7DC /* TitleViewModel.swift */,
				3842C0B02915E4EE00DC57FE /* TitlePreviewViewModel.swift */,
			);
			path = ViewModels;
			sourceTree = "<group>";
		};
		38C0CD4328EDA93B0065B59A /* Models */ = {
			isa = PBXGroup;
			children = (
				38428A1228EF0E0700CDDAA0 /* Title.swift */,
				3842C0AC2915576400DC57FE /* YoutubeSearchResponse.swift */,
			);
			path = Models;
			sourceTree = "<group>";
		};
		38C0CD4428EDA9420065B59A /* Views */ = {
			isa = PBXGroup;
			children = (
				38C0CD4728EDA9AA0065B59A /* CollectionViewTableViewCell.swift */,
				38428A0E28EEF05700CDDAA0 /* HeroHeaderUIView.swift */,
				38DB3CA12906D5AB000ED24C /* TitleCollectionViewCell.swift */,
				381D4890290963CA009ED7DC /* TitleTableViewCell.swift */,
			);
			path = Views;
			sourceTree = "<group>";
		};
		38C0CD4528EDA9680065B59A /* Resources */ = {
			isa = PBXGroup;
			children = (
				38DB3C9D2906CC2E000ED24C /* Extensions.swift */,
			);
			path = Resources;
			sourceTree = "<group>";
		};
		38C0CD4628EDA9700065B59A /* Managers */ = {
			isa = PBXGroup;
			children = (
				38428A1028EF092F00CDDAA0 /* ApiCaller.swift */,
			);
			path = Managers;
			sourceTree = "<group>";
		};
/* End PBXGroup section */

/* Begin PBXNativeTarget section */
		382F901028E9C03E00188C3F /* NetflixClone */ = {
			isa = PBXNativeTarget;
			buildConfigurationList = 382F902528E9C04000188C3F /* Build configuration list for PBXNativeTarget "NetflixClone" */;
			buildPhases = (
				382F900D28E9C03E00188C3F /* Sources */,
				382F900E28E9C03E00188C3F /* Frameworks */,
				382F900F28E9C03E00188C3F /* Resources */,
			);
			buildRules = (
			);
			dependencies = (
			);
			name = NetflixClone;
			packageProductDependencies = (
				381D488C29094DD4009ED7DC /* SDWebImage */,
				381D488E29094DD4009ED7DC /* SDWebImageMapKit */,
			);
			productName = NetflixClone;
			productReference = 382F901128E9C03E00188C3F /* NetflixClone.app */;
			productType = "com.apple.product-type.application";
		};
/* End PBXNativeTarget section */

/* Begin PBXProject section */
		382F900928E9C03E00188C3F /* Project object */ = {
			isa = PBXProject;
			attributes = {
				BuildIndependentTargetsInParallel = 1;
				LastSwiftUpdateCheck = 1400;
				LastUpgradeCheck = 1400;
				TargetAttributes = {
					382F901028E9C03E00188C3F = {
						CreatedOnToolsVersion = 14.0.1;
					};
				};
			};
			buildConfigurationList = 382F900C28E9C03E00188C3F /* Build configuration list for PBXProject "NetflixClone" */;
			compatibilityVersion = "Xcode 14.0";
			developmentRegion = en;
			hasScannedForEncodings = 0;
			knownRegions = (
				en,
				Base,
			);
			mainGroup = 382F900828E9C03E00188C3F;
			packageReferences = (
				381D488B29094DD4009ED7DC /* XCRemoteSwiftPackageReference "SDWebImage" */,
			);
			productRefGroup = 382F901228E9C03E00188C3F /* Products */;
			projectDirPath = "";
			projectRoot = "";
			targets = (
				382F901028E9C03E00188C3F /* NetflixClone */,
			);
		};
/* End PBXProject section */

/* Begin PBXResourcesBuildPhase section */
		382F900F28E9C03E00188C3F /* Resources */ = {
			isa = PBXResourcesBuildPhase;
			buildActionMask = 2147483647;
			files = (
				382F902128E9C04000188C3F /* LaunchScreen.storyboard in Resources */,
				382F901E28E9C04000188C3F /* Assets.xcassets in Resources */,
			);
			runOnlyForDeploymentPostprocessing = 0;
		};
/* End PBXResourcesBuildPhase section */

/* Begin PBXSourcesBuildPhase section */
		382F900D28E9C03E00188C3F /* Sources */ = {
			isa = PBXSourcesBuildPhase;
			buildActionMask = 2147483647;
			files = (
				381D4891290963CA009ED7DC /* TitleTableViewCell.swift in Sources */,
				382F902E28E9C4DB00188C3F /* SearchViewController.swift in Sources */,
				38DB3CA22906D5AB000ED24C /* TitleCollectionViewCell.swift in Sources */,
				382F901928E9C03E00188C3F /* MainTabBarViewController.swift in Sources */,
				38C0CD4828EDA9AA0065B59A /* CollectionViewTableViewCell.swift in Sources */,
				38428A0F28EEF05700CDDAA0 /* HeroHeaderUIView.swift in Sources */,
				380D958C292279D5008EF014 /* NetflixCloneModel.xcdatamodeld in Sources */,
				382F903028E9C51600188C3F /* DownloadsViewController.swift in Sources */,
				382F901528E9C03E00188C3F /* AppDelegate.swift in Sources */,
				380D958E29227CDC008EF014 /* DataPersistentManager.swift in Sources */,
				382F901728E9C03E00188C3F /* SceneDelegate.swift in Sources */,
				3842C0A9291545F400DC57FE /* SearchResultsViewController.swift in Sources */,
				38DB3C9E2906CC2E000ED24C /* Extensions.swift in Sources */,
				3842C0AD2915576400DC57FE /* YoutubeSearchResponse.swift in Sources */,
				382F902C28E9C4B100188C3F /* UpcomingViewController.swift in Sources */,
				3842C0B12915E4EE00DC57FE /* TitlePreviewViewModel.swift in Sources */,
				382F902A28E9C46900188C3F /* HomeViewController.swift in Sources */,
				3842C0AF2915E07300DC57FE /* TitlePreviewViewController.swift in Sources */,
				38428A1328EF0E0700CDDAA0 /* Title.swift in Sources */,
				38428A1128EF092F00CDDAA0 /* ApiCaller.swift in Sources */,
				381D48932909672E009ED7DC /* TitleViewModel.swift in Sources */,
			);
			runOnlyForDeploymentPostprocessing = 0;
		};
/* End PBXSourcesBuildPhase section */

/* Begin PBXVariantGroup section */
		382F901F28E9C04000188C3F /* LaunchScreen.storyboard */ = {
			isa = PBXVariantGroup;
			children = (
				382F902028E9C04000188C3F /* Base */,
			);
			name = LaunchScreen.storyboard;
			sourceTree = "<group>";
		};
/* End PBXVariantGroup section */

/* Begin XCBuildConfiguration section */
		382F902328E9C04000188C3F /* Debug */ = {
			isa = XCBuildConfiguration;
			buildSettings = {
				ALWAYS_SEARCH_USER_PATHS = NO;
				CLANG_ANALYZER_NONNULL = YES;
				CLANG_ANALYZER_NUMBER_OBJECT_CONVERSION = YES_AGGRESSIVE;
				CLANG_CXX_LANGUAGE_STANDARD = "gnu++20";
				CLANG_ENABLE_MODULES = YES;
				CLANG_ENABLE_OBJC_ARC = YES;
				CLANG_ENABLE_OBJC_WEAK = YES;
				CLANG_WARN_BLOCK_CAPTURE_AUTORELEASING = YES;
				CLANG_WARN_BOOL_CONVERSION = YES;
				CLANG_WARN_COMMA = YES;
				CLANG_WARN_CONSTANT_CONVERSION = YES;
				CLANG_WARN_DEPRECATED_OBJC_IMPLEMENTATIONS = YES;
				CLANG_WARN_DIRECT_OBJC_ISA_USAGE = YES_ERROR;
				CLANG_WARN_DOCUMENTATION_COMMENTS = YES;
				CLANG_WARN_EMPTY_BODY = YES;
				CLANG_WARN_ENUM_CONVERSION = YES;
				CLANG_WARN_INFINITE_RECURSION = YES;
				CLANG_WARN_INT_CONVERSION = YES;
				CLANG_WARN_NON_LITERAL_NULL_CONVERSION = YES;
				CLANG_WARN_OBJC_IMPLICIT_RETAIN_SELF = YES;
				CLANG_WARN_OBJC_LITERAL_CONVERSION = YES;
				CLANG_WARN_OBJC_ROOT_CLASS = YES_ERROR;
				CLANG_WARN_QUOTED_INCLUDE_IN_FRAMEWORK_HEADER = YES;
				CLANG_WARN_RANGE_LOOP_ANALYSIS = YES;
				CLANG_WARN_STRICT_PROTOTYPES = YES;
				CLANG_WARN_SUSPICIOUS_MOVE = YES;
				CLANG_WARN_UNGUARDED_AVAILABILITY = YES_AGGRESSIVE;
				CLANG_WARN_UNREACHABLE_CODE = YES;
				CLANG_WARN__DUPLICATE_METHOD_MATCH = YES;
				COPY_PHASE_STRIP = NO;
				DEBUG_INFORMATION_FORMAT = dwarf;
				ENABLE_STRICT_OBJC_MSGSEND = YES;
				ENABLE_TESTABILITY = YES;
				GCC_C_LANGUAGE_STANDARD = gnu11;
				GCC_DYNAMIC_NO_PIC = NO;
				GCC_NO_COMMON_BLOCKS = YES;
				GCC_OPTIMIZATION_LEVEL = 0;
				GCC_PREPROCESSOR_DEFINITIONS = (
					"DEBUG=1",
					"$(inherited)",
				);
				GCC_WARN_64_TO_32_BIT_CONVERSION = YES;
				GCC_WARN_ABOUT_RETURN_TYPE = YES_ERROR;
				GCC_WARN_UNDECLARED_SELECTOR = YES;
				GCC_WARN_UNINITIALIZED_AUTOS = YES_AGGRESSIVE;
				GCC_WARN_UNUSED_FUNCTION = YES;
				GCC_WARN_UNUSED_VARIABLE = YES;
				IPHONEOS_DEPLOYMENT_TARGET = 16.0;
				MTL_ENABLE_DEBUG_INFO = INCLUDE_SOURCE;
				MTL_FAST_MATH = YES;
				ONLY_ACTIVE_ARCH = YES;
				SDKROOT = iphoneos;
				SWIFT_ACTIVE_COMPILATION_CONDITIONS = DEBUG;
				SWIFT_OPTIMIZATION_LEVEL = "-Onone";
			};
			name = Debug;
		};
		382F902428E9C04000188C3F /* Release */ = {
			isa = XCBuildConfiguration;
			buildSettings = {
				ALWAYS_SEARCH_USER_PATHS = NO;
				CLANG_ANALYZER_NONNULL = YES;
				CLANG_ANALYZER_NUMBER_OBJECT_CONVERSION = YES_AGGRESSIVE;
				CLANG_CXX_LANGUAGE_STANDARD = "gnu++20";
				CLANG_ENABLE_MODULES = YES;
				CLANG_ENABLE_OBJC_ARC = YES;
				CLANG_ENABLE_OBJC_WEAK = YES;
				CLANG_WARN_BLOCK_CAPTURE_AUTORELEASING = YES;
				CLANG_WARN_BOOL_CONVERSION = YES;
				CLANG_WARN_COMMA = YES;
				CLANG_WARN_CONSTANT_CONVERSION = YES;
				CLANG_WARN_DEPRECATED_OBJC_IMPLEMENTATIONS = YES;
				CLANG_WARN_DIRECT_OBJC_ISA_USAGE = YES_ERROR;
				CLANG_WARN_DOCUMENTATION_COMMENTS = YES;
				CLANG_WARN_EMPTY_BODY = YES;
				CLANG_WARN_ENUM_CONVERSION = YES;
				CLANG_WARN_INFINITE_RECURSION = YES;
				CLANG_WARN_INT_CONVERSION = YES;
				CLANG_WARN_NON_LITERAL_NULL_CONVERSION = YES;
				CLANG_WARN_OBJC_IMPLICIT_RETAIN_SELF = YES;
				CLANG_WARN_OBJC_LITERAL_CONVERSION = YES;
				CLANG_WARN_OBJC_ROOT_CLASS = YES_ERROR;
				CLANG_WARN_QUOTED_INCLUDE_IN_FRAMEWORK_HEADER = YES;
				CLANG_WARN_RANGE_LOOP_ANALYSIS = YES;
				CLANG_WARN_STRICT_PROTOTYPES = YES;
				CLANG_WARN_SUSPICIOUS_MOVE = YES;
				CLANG_WARN_UNGUARDED_AVAILABILITY = YES_AGGRESSIVE;
				CLANG_WARN_UNREACHABLE_CODE = YES;
				CLANG_WARN__DUPLICATE_METHOD_MATCH = YES;
				COPY_PHASE_STRIP = NO;
				DEBUG_INFORMATION_FORMAT = "dwarf-with-dsym";
				ENABLE_NS_ASSERTIONS = NO;
				ENABLE_STRICT_OBJC_MSGSEND = YES;
				GCC_C_LANGUAGE_STANDARD = gnu11;
				GCC_NO_COMMON_BLOCKS = YES;
				GCC_WARN_64_TO_32_BIT_CONVERSION = YES;
				GCC_WARN_ABOUT_RETURN_TYPE = YES_ERROR;
				GCC_WARN_UNDECLARED_SELECTOR = YES;
				GCC_WARN_UNINITIALIZED_AUTOS = YES_AGGRESSIVE;
				GCC_WARN_UNUSED_FUNCTION = YES;
				GCC_WARN_UNUSED_VARIABLE = YES;
				IPHONEOS_DEPLOYMENT_TARGET = 16.0;
				MTL_ENABLE_DEBUG_INFO = NO;
				MTL_FAST_MATH = YES;
				SDKROOT = iphoneos;
				SWIFT_COMPILATION_MODE = wholemodule;
				SWIFT_OPTIMIZATION_LEVEL = "-O";
				VALIDATE_PRODUCT = YES;
			};
			name = Release;
		};
		382F902628E9C04000188C3F /* Debug */ = {
			isa = XCBuildConfiguration;
			buildSettings = {
				ASSETCATALOG_COMPILER_APPICON_NAME = AppIcon;
				ASSETCATALOG_COMPILER_GLOBAL_ACCENT_COLOR_NAME = AccentColor;
				CODE_SIGN_STYLE = Automatic;
				CURRENT_PROJECT_VERSION = 1;
				GENERATE_INFOPLIST_FILE = YES;
				INFOPLIST_FILE = NetflixClone/Info.plist;
				INFOPLIST_KEY_UIApplicationSupportsIndirectInputEvents = YES;
				INFOPLIST_KEY_UILaunchStoryboardName = LaunchScreen;
				INFOPLIST_KEY_UISupportedInterfaceOrientations_iPad = "UIInterfaceOrientationPortrait UIInterfaceOrientationPortraitUpsideDown UIInterfaceOrientationLandscapeLeft UIInterfaceOrientationLandscapeRight";
				INFOPLIST_KEY_UISupportedInterfaceOrientations_iPhone = "UIInterfaceOrientationPortrait UIInterfaceOrientationLandscapeLeft UIInterfaceOrientationLandscapeRight";
				LD_RUNPATH_SEARCH_PATHS = (
					"$(inherited)",
					"@executable_path/Frameworks",
				);
				MARKETING_VERSION = 1.0;
				PRODUCT_BUNDLE_IDENTIFIER = com.tsato.ios.NetflixClone;
				PRODUCT_NAME = "$(TARGET_NAME)";
				SWIFT_EMIT_LOC_STRINGS = YES;
				SWIFT_VERSION = 5.0;
				TARGETED_DEVICE_FAMILY = "1,2";
			};
			name = Debug;
		};
		382F902728E9C04000188C3F /* Release */ = {
			isa = XCBuildConfiguration;
			buildSettings = {
				ASSETCATALOG_COMPILER_APPICON_NAME = AppIcon;
				ASSETCATALOG_COMPILER_GLOBAL_ACCENT_COLOR_NAME = AccentColor;
				CODE_SIGN_STYLE = Automatic;
				CURRENT_PROJECT_VERSION = 1;
				GENERATE_INFOPLIST_FILE = YES;
				INFOPLIST_FILE = NetflixClone/Info.plist;
				INFOPLIST_KEY_UIApplicationSupportsIndirectInputEvents = YES;
				INFOPLIST_KEY_UILaunchStoryboardName = LaunchScreen;
				INFOPLIST_KEY_UISupportedInterfaceOrientations_iPad = "UIInterfaceOrientationPortrait UIInterfaceOrientationPortraitUpsideDown UIInterfaceOrientationLandscapeLeft UIInterfaceOrientationLandscapeRight";
				INFOPLIST_KEY_UISupportedInterfaceOrientations_iPhone = "UIInterfaceOrientationPortrait UIInterfaceOrientationLandscapeLeft UIInterfaceOrientationLandscapeRight";
				LD_RUNPATH_SEARCH_PATHS = (
					"$(inherited)",
					"@executable_path/Frameworks",
				);
				MARKETING_VERSION = 1.0;
				PRODUCT_BUNDLE_IDENTIFIER = com.tsato.ios.NetflixClone;
				PRODUCT_NAME = "$(TARGET_NAME)";
				SWIFT_EMIT_LOC_STRINGS = YES;
				SWIFT_VERSION = 5.0;
				TARGETED_DEVICE_FAMILY = "1,2";
			};
			name = Release;
		};
/* End XCBuildConfiguration section */

/* Begin XCConfigurationList section */
		382F900C28E9C03E00188C3F /* Build configuration list for PBXProject "NetflixClone" */ = {
			isa = XCConfigurationList;
			buildConfigurations = (
				382F902328E9C04000188C3F /* Debug */,
				382F902428E9C04000188C3F /* Release */,
			);
			defaultConfigurationIsVisible = 0;
			defaultConfigurationName = Release;
		};
		382F902528E9C04000188C3F /* Build configuration list for PBXNativeTarget "NetflixClone" */ = {
			isa = XCConfigurationList;
			buildConfigurations = (
				382F902628E9C04000188C3F /* Debug */,
				382F902728E9C04000188C3F /* Release */,
			);
			defaultConfigurationIsVisible = 0;
			defaultConfigurationName = Release;
		};
/* End XCConfigurationList section */

/* Begin XCRemoteSwiftPackageReference section */
		381D488B29094DD4009ED7DC /* XCRemoteSwiftPackageReference "SDWebImage" */ = {
			isa = XCRemoteSwiftPackageReference;
			repositoryURL = "https://github.com/SDWebImage/SDWebImage.git";
			requirement = {
				kind = upToNextMajorVersion;
				minimumVersion = 5.0.0;
			};
		};
/* End XCRemoteSwiftPackageReference section */

/* Begin XCSwiftPackageProductDependency section */
		381D488C29094DD4009ED7DC /* SDWebImage */ = {
			isa = XCSwiftPackageProductDependency;
			package = 381D488B29094DD4009ED7DC /* XCRemoteSwiftPackageReference "SDWebImage" */;
			productName = SDWebImage;
		};
		381D488E29094DD4009ED7DC /* SDWebImageMapKit */ = {
			isa = XCSwiftPackageProductDependency;
			package = 381D488B29094DD4009ED7DC /* XCRemoteSwiftPackageReference "SDWebImage" */;
			productName = SDWebImageMapKit;
		};
/* End XCSwiftPackageProductDependency section */

/* Begin XCVersionGroup section */
		380D958A292279D5008EF014 /* NetflixCloneModel.xcdatamodeld */ = {
			isa = XCVersionGroup;
			children = (
				380D958B292279D5008EF014 /* NetflixCloneModel.xcdatamodel */,
			);
			currentVersion = 380D958B292279D5008EF014 /* NetflixCloneModel.xcdatamodel */;
			path = NetflixCloneModel.xcdatamodeld;
			sourceTree = "<group>";
			versionGroupType = wrapper.xcdatamodel;
		};
/* End XCVersionGroup section */
	};
	rootObject = 382F900928E9C03E00188C3F /* Project object */;
}
